
Microsoft Visual Studio Solution File, Format Version 12.00
# Visual Studio 15
VisualStudioVersion = 15.0.27130.2010
MinimumVisualStudioVersion = 10.0.40219.1
Project("{8BC9CEB8-8B4A-11D0-8D11-00A0C91BC942}") = "30_Abstract_Class", "30_Abstract_Class\30_Abstract_Class.vcxproj", "{C104EFE4-8A7A-4472-B04A-4B85FEE32BEF}"
EndProject
Global
	GlobalSection(SolutionConfigurationPlatforms) = preSolution
		Debug|x64 = Debug|x64
		Debug|x86 = Debug|x86
		Release|x64 = Release|x64
		Release|x86 = Release|x86
	EndGlobalSection
	GlobalSection(ProjectConfigurationPlatforms) = postSolution
		{C104EFE4-8A7A-4472-B04A-4B85FEE32BEF}.Debug|x64.ActiveCfg = Debug|x64
		{C104EFE4-8A7A-4472-B04A-4B85FEE32BEF}.Debug|x64.Build.0 = Debug|x64
		{C104EFE4-8A7A-4472-B04A-4B85FEE32BEF}.Debug|x86.ActiveCfg = Debug|Win32
		{C104EFE4-8A7A-4472-B04A-4B85FEE32BEF}.Debug|x86.Build.0 = Debug|Win32
		{C104EFE4-8A7A-4472-B04A-4B85FEE32BEF}.Release|x64.ActiveCfg = Release|x64
		{C104EFE4-8A7A-4472-B04A-4B85FEE32BEF}.Release|x64.Build.0 = Release|x64
		{C104EFE4-8A7A-4472-B04A-4B85FEE32BEF}.Release|x86.ActiveCfg = Release|Win32
		{C104EFE4-8A7A-4472-B04A-4B85FEE32BEF}.Release|x86.Build.0 = Release|Win32
	EndGlobalSection
	GlobalSection(SolutionProperties) = preSolution
		HideSolutionNode = FALSE
	EndGlobalSection
	GlobalSection(ExtensibilityGlobals) = postSolution
		SolutionGuid = {31273B37-5D43-4AF7-8C75-A314A12E7F10}
	EndGlobalSection
EndGlobal
