
Microsoft Visual Studio Solution File, Format Version 12.00
# Visual Studio 15
VisualStudioVersion = 15.0.27130.2027
MinimumVisualStudioVersion = 10.0.40219.1
Project("{8BC9CEB8-8B4A-11D0-8D11-00A0C91BC942}") = "34_Rangebased_Loop", "34_Rangebased_Loop\34_Rangebased_Loop.vcxproj", "{52C4C276-D654-4802-AB67-94A7E2221947}"
EndProject
Global
	GlobalSection(SolutionConfigurationPlatforms) = preSolution
		Debug|x64 = Debug|x64
		Debug|x86 = Debug|x86
		Release|x64 = Release|x64
		Release|x86 = Release|x86
	EndGlobalSection
	GlobalSection(ProjectConfigurationPlatforms) = postSolution
		{52C4C276-D654-4802-AB67-94A7E2221947}.Debug|x64.ActiveCfg = Debug|x64
		{52C4C276-D654-4802-AB67-94A7E2221947}.Debug|x64.Build.0 = Debug|x64
		{52C4C276-D654-4802-AB67-94A7E2221947}.Debug|x86.ActiveCfg = Debug|Win32
		{52C4C276-D654-4802-AB67-94A7E2221947}.Debug|x86.Build.0 = Debug|Win32
		{52C4C276-D654-4802-AB67-94A7E2221947}.Release|x64.ActiveCfg = Release|x64
		{52C4C276-D654-4802-AB67-94A7E2221947}.Release|x64.Build.0 = Release|x64
		{52C4C276-D654-4802-AB67-94A7E2221947}.Release|x86.ActiveCfg = Release|Win32
		{52C4C276-D654-4802-AB67-94A7E2221947}.Release|x86.Build.0 = Release|Win32
	EndGlobalSection
	GlobalSection(SolutionProperties) = preSolution
		HideSolutionNode = FALSE
	EndGlobalSection
	GlobalSection(ExtensibilityGlobals) = postSolution
		SolutionGuid = {6397BBFE-7A20-4F20-95F8-4B7961469EF6}
	EndGlobalSection
EndGlobal
