
Microsoft Visual Studio Solution File, Format Version 12.00
# Visual Studio 15
VisualStudioVersion = 15.0.27130.2027
MinimumVisualStudioVersion = 10.0.40219.1
Project("{8BC9CEB8-8B4A-11D0-8D11-00A0C91BC942}") = "51_Perfect_Forwarding", "51_Perfect_Forwarding\51_Perfect_Forwarding.vcxproj", "{509C3918-2811-4B25-B9C8-58197A485505}"
EndProject
Global
	GlobalSection(SolutionConfigurationPlatforms) = preSolution
		Debug|x64 = Debug|x64
		Debug|x86 = Debug|x86
		Release|x64 = Release|x64
		Release|x86 = Release|x86
	EndGlobalSection
	GlobalSection(ProjectConfigurationPlatforms) = postSolution
		{509C3918-2811-4B25-B9C8-58197A485505}.Debug|x64.ActiveCfg = Debug|x64
		{509C3918-2811-4B25-B9C8-58197A485505}.Debug|x64.Build.0 = Debug|x64
		{509C3918-2811-4B25-B9C8-58197A485505}.Debug|x86.ActiveCfg = Debug|Win32
		{509C3918-2811-4B25-B9C8-58197A485505}.Debug|x86.Build.0 = Debug|Win32
		{509C3918-2811-4B25-B9C8-58197A485505}.Release|x64.ActiveCfg = Release|x64
		{509C3918-2811-4B25-B9C8-58197A485505}.Release|x64.Build.0 = Release|x64
		{509C3918-2811-4B25-B9C8-58197A485505}.Release|x86.ActiveCfg = Release|Win32
		{509C3918-2811-4B25-B9C8-58197A485505}.Release|x86.Build.0 = Release|Win32
	EndGlobalSection
	GlobalSection(SolutionProperties) = preSolution
		HideSolutionNode = FALSE
	EndGlobalSection
	GlobalSection(ExtensibilityGlobals) = postSolution
		SolutionGuid = {52EFAFA4-63BB-4BCD-9E72-AFA17A4B358A}
	EndGlobalSection
EndGlobal
