
Microsoft Visual Studio Solution File, Format Version 12.00
# Visual Studio 15
VisualStudioVersion = 15.0.27130.2027
MinimumVisualStudioVersion = 10.0.40219.1
Project("{8BC9CEB8-8B4A-11D0-8D11-00A0C91BC942}") = "40_Object_Initialization", "40_Object_Initialization\40_Object_Initialization.vcxproj", "{7A6A5ABA-762C-42C2-A4A6-AEAD60D0BDD1}"
EndProject
Global
	GlobalSection(SolutionConfigurationPlatforms) = preSolution
		Debug|x64 = Debug|x64
		Debug|x86 = Debug|x86
		Release|x64 = Release|x64
		Release|x86 = Release|x86
	EndGlobalSection
	GlobalSection(ProjectConfigurationPlatforms) = postSolution
		{7A6A5ABA-762C-42C2-A4A6-AEAD60D0BDD1}.Debug|x64.ActiveCfg = Debug|x64
		{7A6A5ABA-762C-42C2-A4A6-AEAD60D0BDD1}.Debug|x64.Build.0 = Debug|x64
		{7A6A5ABA-762C-42C2-A4A6-AEAD60D0BDD1}.Debug|x86.ActiveCfg = Debug|Win32
		{7A6A5ABA-762C-42C2-A4A6-AEAD60D0BDD1}.Debug|x86.Build.0 = Debug|Win32
		{7A6A5ABA-762C-42C2-A4A6-AEAD60D0BDD1}.Release|x64.ActiveCfg = Release|x64
		{7A6A5ABA-762C-42C2-A4A6-AEAD60D0BDD1}.Release|x64.Build.0 = Release|x64
		{7A6A5ABA-762C-42C2-A4A6-AEAD60D0BDD1}.Release|x86.ActiveCfg = Release|Win32
		{7A6A5ABA-762C-42C2-A4A6-AEAD60D0BDD1}.Release|x86.Build.0 = Release|Win32
	EndGlobalSection
	GlobalSection(SolutionProperties) = preSolution
		HideSolutionNode = FALSE
	EndGlobalSection
	GlobalSection(ExtensibilityGlobals) = postSolution
		SolutionGuid = {89ACDEF9-874E-4D13-8788-CFDFEF34EA14}
	EndGlobalSection
EndGlobal
