
Microsoft Visual Studio Solution File, Format Version 12.00
# Visual Studio 15
VisualStudioVersion = 15.0.27130.2027
MinimumVisualStudioVersion = 10.0.40219.1
Project("{8BC9CEB8-8B4A-11D0-8D11-00A0C91BC942}") = "45_Delegating_Constructor", "45_Delegating_Constructor\45_Delegating_Constructor.vcxproj", "{1FD79DD7-DCF6-4C5B-8FD2-A85B9FF78F55}"
EndProject
Global
	GlobalSection(SolutionConfigurationPlatforms) = preSolution
		Debug|x64 = Debug|x64
		Debug|x86 = Debug|x86
		Release|x64 = Release|x64
		Release|x86 = Release|x86
	EndGlobalSection
	GlobalSection(ProjectConfigurationPlatforms) = postSolution
		{1FD79DD7-DCF6-4C5B-8FD2-A85B9FF78F55}.Debug|x64.ActiveCfg = Debug|x64
		{1FD79DD7-DCF6-4C5B-8FD2-A85B9FF78F55}.Debug|x64.Build.0 = Debug|x64
		{1FD79DD7-DCF6-4C5B-8FD2-A85B9FF78F55}.Debug|x86.ActiveCfg = Debug|Win32
		{1FD79DD7-DCF6-4C5B-8FD2-A85B9FF78F55}.Debug|x86.Build.0 = Debug|Win32
		{1FD79DD7-DCF6-4C5B-8FD2-A85B9FF78F55}.Release|x64.ActiveCfg = Release|x64
		{1FD79DD7-DCF6-4C5B-8FD2-A85B9FF78F55}.Release|x64.Build.0 = Release|x64
		{1FD79DD7-DCF6-4C5B-8FD2-A85B9FF78F55}.Release|x86.ActiveCfg = Release|Win32
		{1FD79DD7-DCF6-4C5B-8FD2-A85B9FF78F55}.Release|x86.Build.0 = Release|Win32
	EndGlobalSection
	GlobalSection(SolutionProperties) = preSolution
		HideSolutionNode = FALSE
	EndGlobalSection
	GlobalSection(ExtensibilityGlobals) = postSolution
		SolutionGuid = {71A2271A-89F8-40A3-B06D-93EFEA58ED93}
	EndGlobalSection
EndGlobal
